// !$*UTF8*$!
{
	archiveVersion = 1;
	classes = {
	};
	objectVersion = 46;
	objects = {

/* Begin PBXBuildFile section */
		072D338718A8B7EC00E19A99 /* GGTabBarButton.m in Sources */ = {isa = PBXBuildFile; fileRef = 072D338618A8B7EC00E19A99 /* GGTabBarButton.m */; };
		072D338A18A8B97800E19A99 /* GGMainTabBarController.m in Sources */ = {isa = PBXBuildFile; fileRef = 072D338918A8B97800E19A99 /* GGMainTabBarController.m */; };
		076AB5BD18A9C2450019B13B /* MJRefresh.bundle in Resources */ = {isa = PBXBuildFile; fileRef = 076AB5B518A9C2450019B13B /* MJRefresh.bundle */; };
		076AB5BE18A9C2450019B13B /* MJRefreshBaseView.m in Sources */ = {isa = PBXBuildFile; fileRef = 076AB5B818A9C2450019B13B /* MJRefreshBaseView.m */; };
		076AB5BF18A9C2450019B13B /* MJRefreshFooterView.m in Sources */ = {isa = PBXBuildFile; fileRef = 076AB5BA18A9C2450019B13B /* MJRefreshFooterView.m */; };
		076AB5C018A9C2450019B13B /* MJRefreshHeaderView.m in Sources */ = {isa = PBXBuildFile; fileRef = 076AB5BC18A9C2450019B13B /* MJRefreshHeaderView.m */; };
		076AB5C318A9C60C0019B13B /* MainViewController.m in Sources */ = {isa = PBXBuildFile; fileRef = 076AB5C218A9C60C0019B13B /* MainViewController.m */; };
		076AB5C618A9C6200019B13B /* CategoryViewController.m in Sources */ = {isa = PBXBuildFile; fileRef = 076AB5C518A9C6200019B13B /* CategoryViewController.m */; };
		076AB5C918A9C6370019B13B /* CartViewController.m in Sources */ = {isa = PBXBuildFile; fileRef = 076AB5C818A9C6370019B13B /* CartViewController.m */; };
		076AB5CC18A9C6490019B13B /* ChatViewController.m in Sources */ = {isa = PBXBuildFile; fileRef = 076AB5CB18A9C6490019B13B /* ChatViewController.m */; };
		076AB5CF18A9C65D0019B13B /* PersonViewController.m in Sources */ = {isa = PBXBuildFile; fileRef = 076AB5CE18A9C65D0019B13B /* PersonViewController.m */; };
		076AB5DD18AA051E0019B13B /* GGBaseTableCell.m in Sources */ = {isa = PBXBuildFile; fileRef = 076AB5DC18AA051E0019B13B /* GGBaseTableCell.m */; };
		076AB5E018AA0BB60019B13B /* GGTopPicture.m in Sources */ = {isa = PBXBuildFile; fileRef = 076AB5DF18AA0BB60019B13B /* GGTopPicture.m */; };
		07D9B06A18A8545E0055C89F /* Foundation.framework in Frameworks */ = {isa = PBXBuildFile; fileRef = 07D9B06918A8545E0055C89F /* Foundation.framework */; };
		07D9B06C18A8545E0055C89F /* CoreGraphics.framework in Frameworks */ = {isa = PBXBuildFile; fileRef = 07D9B06B18A8545E0055C89F /* CoreGraphics.framework */; };
		07D9B06E18A8545E0055C89F /* UIKit.framework in Frameworks */ = {isa = PBXBuildFile; fileRef = 07D9B06D18A8545E0055C89F /* UIKit.framework */; };
		07D9B07418A8545E0055C89F /* InfoPlist.strings in Resources */ = {isa = PBXBuildFile; fileRef = 07D9B07218A8545E0055C89F /* InfoPlist.strings */; };
		07D9B07618A8545E0055C89F /* main.m in Sources */ = {isa = PBXBuildFile; fileRef = 07D9B07518A8545E0055C89F /* main.m */; };
		07D9B07A18A8545E0055C89F /* GGAppDelegate.m in Sources */ = {isa = PBXBuildFile; fileRef = 07D9B07918A8545E0055C89F /* GGAppDelegate.m */; };
		07D9B07D18A8545E0055C89F /* Main.storyboard in Resources */ = {isa = PBXBuildFile; fileRef = 07D9B07B18A8545E0055C89F /* Main.storyboard */; };
		07D9B08518A8545E0055C89F /* Images.xcassets in Resources */ = {isa = PBXBuildFile; fileRef = 07D9B08418A8545E0055C89F /* Images.xcassets */; };
		07D9B08C18A8545E0055C89F /* XCTest.framework in Frameworks */ = {isa = PBXBuildFile; fileRef = 07D9B08B18A8545E0055C89F /* XCTest.framework */; };
		07D9B08D18A8545E0055C89F /* Foundation.framework in Frameworks */ = {isa = PBXBuildFile; fileRef = 07D9B06918A8545E0055C89F /* Foundation.framework */; };
		07D9B08E18A8545E0055C89F /* UIKit.framework in Frameworks */ = {isa = PBXBuildFile; fileRef = 07D9B06D18A8545E0055C89F /* UIKit.framework */; };
		07D9B09618A8545E0055C89F /* InfoPlist.strings in Resources */ = {isa = PBXBuildFile; fileRef = 07D9B09418A8545E0055C89F /* InfoPlist.strings */; };
		07D9B09818A8545E0055C89F /* zjggwTests.m in Sources */ = {isa = PBXBuildFile; fileRef = 07D9B09718A8545E0055C89F /* zjggwTests.m */; };
/* End PBXBuildFile section */

/* Begin PBXContainerItemProxy section */
		07D9B08F18A8545E0055C89F /* PBXContainerItemProxy */ = {
			isa = PBXContainerItemProxy;
			containerPortal = 07D9B05E18A8545E0055C89F /* Project object */;
			proxyType = 1;
			remoteGlobalIDString = 07D9B06518A8545E0055C89F;
			remoteInfo = zjggw;
		};
/* End PBXContainerItemProxy section */

/* Begin PBXFileReference section */
		072D338518A8B7EC00E19A99 /* GGTabBarButton.h */ = {isa = PBXFileReference; fileEncoding = 4; lastKnownFileType = sourcecode.c.h; path = GGTabBarButton.h; sourceTree = "<group>"; };
		072D338618A8B7EC00E19A99 /* GGTabBarButton.m */ = {isa = PBXFileReference; fileEncoding = 4; lastKnownFileType = sourcecode.c.objc; path = GGTabBarButton.m; sourceTree = "<group>"; };
		072D338818A8B97800E19A99 /* GGMainTabBarController.h */ = {isa = PBXFileReference; fileEncoding = 4; lastKnownFileType = sourcecode.c.h; path = GGMainTabBarController.h; sourceTree = "<group>"; };
		072D338918A8B97800E19A99 /* GGMainTabBarController.m */ = {isa = PBXFileReference; fileEncoding = 4; lastKnownFileType = sourcecode.c.objc; path = GGMainTabBarController.m; sourceTree = "<group>"; };
		076AB5B518A9C2450019B13B /* MJRefresh.bundle */ = {isa = PBXFileReference; lastKnownFileType = "wrapper.plug-in"; name = MJRefresh.bundle; path = MJRefresh/MJRefresh.bundle; sourceTree = "<group>"; };
		076AB5B618A9C2450019B13B /* MJRefresh.h */ = {isa = PBXFileReference; fileEncoding = 4; lastKnownFileType = sourcecode.c.h; name = MJRefresh.h; path = MJRefresh/MJRefresh.h; sourceTree = "<group>"; };
		076AB5B718A9C2450019B13B /* MJRefreshBaseView.h */ = {isa = PBXFileReference; fileEncoding = 4; lastKnownFileType = sourcecode.c.h; name = MJRefreshBaseView.h; path = MJRefresh/MJRefreshBaseView.h; sourceTree = "<group>"; };
		076AB5B818A9C2450019B13B /* MJRefreshBaseView.m */ = {isa = PBXFileReference; fileEncoding = 4; lastKnownFileType = sourcecode.c.objc; name = MJRefreshBaseView.m; path = MJRefresh/MJRefreshBaseView.m; sourceTree = "<group>"; };
		076AB5B918A9C2450019B13B /* MJRefreshFooterView.h */ = {isa = PBXFileReference; fileEncoding = 4; lastKnownFileType = sourcecode.c.h; name = MJRefreshFooterView.h; path = MJRefresh/MJRefreshFooterView.h; sourceTree = "<group>"; };
		076AB5BA18A9C2450019B13B /* MJRefreshFooterView.m */ = {isa = PBXFileReference; fileEncoding = 4; lastKnownFileType = sourcecode.c.objc; name = MJRefreshFooterView.m; path = MJRefresh/MJRefreshFooterView.m; sourceTree = "<group>"; };
		076AB5BB18A9C2450019B13B /* MJRefreshHeaderView.h */ = {isa = PBXFileReference; fileEncoding = 4; lastKnownFileType = sourcecode.c.h; name = MJRefreshHeaderView.h; path = MJRefresh/MJRefreshHeaderView.h; sourceTree = "<group>"; };
		076AB5BC18A9C2450019B13B /* MJRefreshHeaderView.m */ = {isa = PBXFileReference; fileEncoding = 4; lastKnownFileType = sourcecode.c.objc; name = MJRefreshHeaderView.m; path = MJRefresh/MJRefreshHeaderView.m; sourceTree = "<group>"; };
		076AB5C118A9C60C0019B13B /* MainViewController.h */ = {isa = PBXFileReference; fileEncoding = 4; lastKnownFileType = sourcecode.c.h; path = MainViewController.h; sourceTree = "<group>"; };
		076AB5C218A9C60C0019B13B /* MainViewController.m */ = {isa = PBXFileReference; fileEncoding = 4; lastKnownFileType = sourcecode.c.objc; path = MainViewController.m; sourceTree = "<group>"; };
		076AB5C418A9C6200019B13B /* CategoryViewController.h */ = {isa = PBXFileReference; fileEncoding = 4; lastKnownFileType = sourcecode.c.h; path = CategoryViewController.h; sourceTree = "<group>"; };
		076AB5C518A9C6200019B13B /* CategoryViewController.m */ = {isa = PBXFileReference; fileEncoding = 4; lastKnownFileType = sourcecode.c.objc; path = CategoryViewController.m; sourceTree = "<group>"; };
		076AB5C718A9C6370019B13B /* CartViewController.h */ = {isa = PBXFileReference; fileEncoding = 4; lastKnownFileType = sourcecode.c.h; path = CartViewController.h; sourceTree = "<group>"; };
		076AB5C818A9C6370019B13B /* CartViewController.m */ = {isa = PBXFileReference; fileEncoding = 4; lastKnownFileType = sourcecode.c.objc; path = CartViewController.m; sourceTree = "<group>"; };
		076AB5CA18A9C6490019B13B /* ChatViewController.h */ = {isa = PBXFileReference; fileEncoding = 4; lastKnownFileType = sourcecode.c.h; path = ChatViewController.h; sourceTree = "<group>"; };
		076AB5CB18A9C6490019B13B /* ChatViewController.m */ = {isa = PBXFileReference; fileEncoding = 4; lastKnownFileType = sourcecode.c.objc; path = ChatViewController.m; sourceTree = "<group>"; };
		076AB5CD18A9C65D0019B13B /* PersonViewController.h */ = {isa = PBXFileReference; fileEncoding = 4; lastKnownFileType = sourcecode.c.h; path = PersonViewController.h; sourceTree = "<group>"; };
		076AB5CE18A9C65D0019B13B /* PersonViewController.m */ = {isa = PBXFileReference; fileEncoding = 4; lastKnownFileType = sourcecode.c.objc; path = PersonViewController.m; sourceTree = "<group>"; };
		076AB5DB18AA051E0019B13B /* GGBaseTableCell.h */ = {isa = PBXFileReference; fileEncoding = 4; lastKnownFileType = sourcecode.c.h; path = GGBaseTableCell.h; sourceTree = "<group>"; };
		076AB5DC18AA051E0019B13B /* GGBaseTableCell.m */ = {isa = PBXFileReference; fileEncoding = 4; lastKnownFileType = sourcecode.c.objc; path = GGBaseTableCell.m; sourceTree = "<group>"; };
		076AB5DE18AA0BB60019B13B /* GGTopPicture.h */ = {isa = PBXFileReference; fileEncoding = 4; lastKnownFileType = sourcecode.c.h; path = GGTopPicture.h; sourceTree = "<group>"; };
		076AB5DF18AA0BB60019B13B /* GGTopPicture.m */ = {isa = PBXFileReference; fileEncoding = 4; lastKnownFileType = sourcecode.c.objc; path = GGTopPicture.m; sourceTree = "<group>"; };
		07D9B06618A8545E0055C89F /* zjggw.app */ = {isa = PBXFileReference; explicitFileType = wrapper.application; includeInIndex = 0; path = zjggw.app; sourceTree = BUILT_PRODUCTS_DIR; };
		07D9B06918A8545E0055C89F /* Foundation.framework */ = {isa = PBXFileReference; lastKnownFileType = wrapper.framework; name = Foundation.framework; path = System/Library/Frameworks/Foundation.framework; sourceTree = SDKROOT; };
		07D9B06B18A8545E0055C89F /* CoreGraphics.framework */ = {isa = PBXFileReference; lastKnownFileType = wrapper.framework; name = CoreGraphics.framework; path = System/Library/Frameworks/CoreGraphics.framework; sourceTree = SDKROOT; };
		07D9B06D18A8545E0055C89F /* UIKit.framework */ = {isa = PBXFileReference; lastKnownFileType = wrapper.framework; name = UIKit.framework; path = System/Library/Frameworks/UIKit.framework; sourceTree = SDKROOT; };
		07D9B07118A8545E0055C89F /* zjggw-Info.plist */ = {isa = PBXFileReference; lastKnownFileType = text.plist.xml; path = "zjggw-Info.plist"; sourceTree = "<group>"; };
		07D9B07318A8545E0055C89F /* en */ = {isa = PBXFileReference; lastKnownFileType = text.plist.strings; name = en; path = en.lproj/InfoPlist.strings; sourceTree = "<group>"; };
		07D9B07518A8545E0055C89F /* main.m */ = {isa = PBXFileReference; lastKnownFileType = sourcecode.c.objc; path = main.m; sourceTree = "<group>"; };
		07D9B07718A8545E0055C89F /* zjggw-Prefix.pch */ = {isa = PBXFileReference; lastKnownFileType = sourcecode.c.h; path = "zjggw-Prefix.pch"; sourceTree = "<group>"; };
		07D9B07818A8545E0055C89F /* GGAppDelegate.h */ = {isa = PBXFileReference; lastKnownFileType = sourcecode.c.h; path = GGAppDelegate.h; sourceTree = "<group>"; };
		07D9B07918A8545E0055C89F /* GGAppDelegate.m */ = {isa = PBXFileReference; lastKnownFileType = sourcecode.c.objc; path = GGAppDelegate.m; sourceTree = "<group>"; };
		07D9B07C18A8545E0055C89F /* Base */ = {isa = PBXFileReference; lastKnownFileType = file.storyboard; name = Base; path = Base.lproj/Main.storyboard; sourceTree = "<group>"; };
		07D9B08418A8545E0055C89F /* Images.xcassets */ = {isa = PBXFileReference; lastKnownFileType = folder.assetcatalog; path = Images.xcassets; sourceTree = "<group>"; };
		07D9B08A18A8545E0055C89F /* zjggwTests.xctest */ = {isa = PBXFileReference; explicitFileType = wrapper.cfbundle; includeInIndex = 0; path = zjggwTests.xctest; sourceTree = BUILT_PRODUCTS_DIR; };
		07D9B08B18A8545E0055C89F /* XCTest.framework */ = {isa = PBXFileReference; lastKnownFileType = wrapper.framework; name = XCTest.framework; path = Library/Frameworks/XCTest.framework; sourceTree = DEVELOPER_DIR; };
		07D9B09318A8545E0055C89F /* zjggwTests-Info.plist */ = {isa = PBXFileReference; lastKnownFileType = text.plist.xml; path = "zjggwTests-Info.plist"; sourceTree = "<group>"; };
		07D9B09518A8545E0055C89F /* en */ = {isa = PBXFileReference; lastKnownFileType = text.plist.strings; name = en; path = en.lproj/InfoPlist.strings; sourceTree = "<group>"; };
		07D9B09718A8545E0055C89F /* zjggwTests.m */ = {isa = PBXFileReference; lastKnownFileType = sourcecode.c.objc; path = zjggwTests.m; sourceTree = "<group>"; };
/* End PBXFileReference section */

/* Begin PBXFrameworksBuildPhase section */
		07D9B06318A8545E0055C89F /* Frameworks */ = {
			isa = PBXFrameworksBuildPhase;
			buildActionMask = 2147483647;
			files = (
				07D9B06C18A8545E0055C89F /* CoreGraphics.framework in Frameworks */,
				07D9B06E18A8545E0055C89F /* UIKit.framework in Frameworks */,
				07D9B06A18A8545E0055C89F /* Foundation.framework in Frameworks */,
			);
			runOnlyForDeploymentPostprocessing = 0;
		};
		07D9B08718A8545E0055C89F /* Frameworks */ = {
			isa = PBXFrameworksBuildPhase;
			buildActionMask = 2147483647;
			files = (
				07D9B08C18A8545E0055C89F /* XCTest.framework in Frameworks */,
				07D9B08E18A8545E0055C89F /* UIKit.framework in Frameworks */,
				07D9B08D18A8545E0055C89F /* Foundation.framework in Frameworks */,
			);
			runOnlyForDeploymentPostprocessing = 0;
		};
/* End PBXFrameworksBuildPhase section */

/* Begin PBXGroup section */
		072D332018A85EC100E19A99 /* viewcontrollers */ = {
			isa = PBXGroup;
			children = (
				076AB5C118A9C60C0019B13B /* MainViewController.h */,
				076AB5C218A9C60C0019B13B /* MainViewController.m */,
				076AB5C418A9C6200019B13B /* CategoryViewController.h */,
				076AB5C518A9C6200019B13B /* CategoryViewController.m */,
				076AB5C718A9C6370019B13B /* CartViewController.h */,
				076AB5C818A9C6370019B13B /* CartViewController.m */,
				076AB5CA18A9C6490019B13B /* ChatViewController.h */,
				076AB5CB18A9C6490019B13B /* ChatViewController.m */,
				076AB5CD18A9C65D0019B13B /* PersonViewController.h */,
				076AB5CE18A9C65D0019B13B /* PersonViewController.m */,
			);
			name = viewcontrollers;
			sourceTree = "<group>";
		};
		072D338318A8B72100E19A99 /* selfviews */ = {
			isa = PBXGroup;
			children = (
				076AB5D018A9E47B0019B13B /* mainviews */,
				072D338418A8B73100E19A99 /* tabbarviews */,
			);
			name = selfviews;
			sourceTree = "<group>";
		};
		072D338418A8B73100E19A99 /* tabbarviews */ = {
			isa = PBXGroup;
			children = (
				072D338518A8B7EC00E19A99 /* GGTabBarButton.h */,
				072D338618A8B7EC00E19A99 /* GGTabBarButton.m */,
				072D338818A8B97800E19A99 /* GGMainTabBarController.h */,
				072D338918A8B97800E19A99 /* GGMainTabBarController.m */,
			);
			name = tabbarviews;
			sourceTree = "<group>";
		};
		076AB5B418A9C21E0019B13B /* MJRefresh */ = {
			isa = PBXGroup;
			children = (
				076AB5B518A9C2450019B13B /* MJRefresh.bundle */,
				076AB5B618A9C2450019B13B /* MJRefresh.h */,
				076AB5B718A9C2450019B13B /* MJRefreshBaseView.h */,
				076AB5B818A9C2450019B13B /* MJRefreshBaseView.m */,
				076AB5B918A9C2450019B13B /* MJRefreshFooterView.h */,
				076AB5BA18A9C2450019B13B /* MJRefreshFooterView.m */,
				076AB5BB18A9C2450019B13B /* MJRefreshHeaderView.h */,
				076AB5BC18A9C2450019B13B /* MJRefreshHeaderView.m */,
			);
			name = MJRefresh;
			sourceTree = "<group>";
		};
		076AB5D018A9E47B0019B13B /* mainviews */ = {
			isa = PBXGroup;
			children = (
				076AB5DB18AA051E0019B13B /* GGBaseTableCell.h */,
				076AB5DC18AA051E0019B13B /* GGBaseTableCell.m */,
				076AB5DE18AA0BB60019B13B /* GGTopPicture.h */,
				076AB5DF18AA0BB60019B13B /* GGTopPicture.m */,
			);
			name = mainviews;
			sourceTree = "<group>";
		};
		076AB5D118A9FF3B0019B13B /* protocols */ = {
			isa = PBXGroup;
			children = (
			);
			name = protocols;
			sourceTree = "<group>";
		};
		07D9B05D18A8545E0055C89F = {
			isa = PBXGroup;
			children = (
				07D9B06F18A8545E0055C89F /* zjggw */,
				07D9B09118A8545E0055C89F /* zjggwTests */,
				07D9B06818A8545E0055C89F /* Frameworks */,
				07D9B06718A8545E0055C89F /* Products */,
			);
			sourceTree = "<group>";
		};
		07D9B06718A8545E0055C89F /* Products */ = {
			isa = PBXGroup;
			children = (
				07D9B06618A8545E0055C89F /* zjggw.app */,
				07D9B08A18A8545E0055C89F /* zjggwTests.xctest */,
			);
			name = Products;
			sourceTree = "<group>";
		};
		07D9B06818A8545E0055C89F /* Frameworks */ = {
			isa = PBXGroup;
			children = (
				07D9B06918A8545E0055C89F /* Foundation.framework */,
				07D9B06B18A8545E0055C89F /* CoreGraphics.framework */,
				07D9B06D18A8545E0055C89F /* UIKit.framework */,
				07D9B08B18A8545E0055C89F /* XCTest.framework */,
			);
			name = Frameworks;
			sourceTree = "<group>";
		};
		07D9B06F18A8545E0055C89F /* zjggw */ = {
			isa = PBXGroup;
			children = (
				076AB5D118A9FF3B0019B13B /* protocols */,
				076AB5B418A9C21E0019B13B /* MJRefresh */,
				072D338318A8B72100E19A99 /* selfviews */,
				072D332018A85EC100E19A99 /* viewcontrollers */,
				07D9B07818A8545E0055C89F /* GGAppDelegate.h */,
				07D9B07918A8545E0055C89F /* GGAppDelegate.m */,
				07D9B07B18A8545E0055C89F /* Main.storyboard */,
				07D9B08418A8545E0055C89F /* Images.xcassets */,
				07D9B07018A8545E0055C89F /* Supporting Files */,
			);
			path = zjggw;
			sourceTree = "<group>";
		};
		07D9B07018A8545E0055C89F /* Supporting Files */ = {
			isa = PBXGroup;
			children = (
				07D9B07118A8545E0055C89F /* zjggw-Info.plist */,
				07D9B07218A8545E0055C89F /* InfoPlist.strings */,
				07D9B07518A8545E0055C89F /* main.m */,
				07D9B07718A8545E0055C89F /* zjggw-Prefix.pch */,
			);
			name = "Supporting Files";
			sourceTree = "<group>";
		};
		07D9B09118A8545E0055C89F /* zjggwTests */ = {
			isa = PBXGroup;
			children = (
				07D9B09718A8545E0055C89F /* zjggwTests.m */,
				07D9B09218A8545E0055C89F /* Supporting Files */,
			);
			path = zjggwTests;
			sourceTree = "<group>";
		};
		07D9B09218A8545E0055C89F /* Supporting Files */ = {
			isa = PBXGroup;
			children = (
				07D9B09318A8545E0055C89F /* zjggwTests-Info.plist */,
				07D9B09418A8545E0055C89F /* InfoPlist.strings */,
			);
			name = "Supporting Files";
			sourceTree = "<group>";
		};
/* End PBXGroup section */

/* Begin PBXNativeTarget section */
		07D9B06518A8545E0055C89F /* zjggw */ = {
			isa = PBXNativeTarget;
			buildConfigurationList = 07D9B09B18A8545E0055C89F /* Build configuration list for PBXNativeTarget "zjggw" */;
			buildPhases = (
				07D9B06218A8545E0055C89F /* Sources */,
				07D9B06318A8545E0055C89F /* Frameworks */,
				07D9B06418A8545E0055C89F /* Resources */,
			);
			buildRules = (
			);
			dependencies = (
			);
			name = zjggw;
			productName = zjggw;
			productReference = 07D9B06618A8545E0055C89F /* zjggw.app */;
			productType = "com.apple.product-type.application";
		};
		07D9B08918A8545E0055C89F /* zjggwTests */ = {
			isa = PBXNativeTarget;
			buildConfigurationList = 07D9B09E18A8545E0055C89F /* Build configuration list for PBXNativeTarget "zjggwTests" */;
			buildPhases = (
				07D9B08618A8545E0055C89F /* Sources */,
				07D9B08718A8545E0055C89F /* Frameworks */,
				07D9B08818A8545E0055C89F /* Resources */,
			);
			buildRules = (
			);
			dependencies = (
				07D9B09018A8545E0055C89F /* PBXTargetDependency */,
			);
			name = zjggwTests;
			productName = zjggwTests;
			productReference = 07D9B08A18A8545E0055C89F /* zjggwTests.xctest */;
			productType = "com.apple.product-type.bundle.unit-test";
		};
/* End PBXNativeTarget section */

/* Begin PBXProject section */
		07D9B05E18A8545E0055C89F /* Project object */ = {
			isa = PBXProject;
			attributes = {
				CLASSPREFIX = GG;
				LastUpgradeCheck = 0500;
				ORGANIZATIONNAME = yzp;
				TargetAttributes = {
					07D9B08918A8545E0055C89F = {
						TestTargetID = 07D9B06518A8545E0055C89F;
					};
				};
			};
			buildConfigurationList = 07D9B06118A8545E0055C89F /* Build configuration list for PBXProject "zjggw" */;
			compatibilityVersion = "Xcode 3.2";
			developmentRegion = English;
			hasScannedForEncodings = 0;
			knownRegions = (
				en,
				Base,
			);
			mainGroup = 07D9B05D18A8545E0055C89F;
			productRefGroup = 07D9B06718A8545E0055C89F /* Products */;
			projectDirPath = "";
			projectRoot = "";
			targets = (
				07D9B06518A8545E0055C89F /* zjggw */,
				07D9B08918A8545E0055C89F /* zjggwTests */,
			);
		};
/* End PBXProject section */

/* Begin PBXResourcesBuildPhase section */
		07D9B06418A8545E0055C89F /* Resources */ = {
			isa = PBXResourcesBuildPhase;
			buildActionMask = 2147483647;
			files = (
				07D9B08518A8545E0055C89F /* Images.xcassets in Resources */,
				07D9B07418A8545E0055C89F /* InfoPlist.strings in Resources */,
				076AB5BD18A9C2450019B13B /* MJRefresh.bundle in Resources */,
				07D9B07D18A8545E0055C89F /* Main.storyboard in Resources */,
			);
			runOnlyForDeploymentPostprocessing = 0;
		};
		07D9B08818A8545E0055C89F /* Resources */ = {
			isa = PBXResourcesBuildPhase;
			buildActionMask = 2147483647;
			files = (
				07D9B09618A8545E0055C89F /* InfoPlist.strings in Resources */,
			);
			runOnlyForDeploymentPostprocessing = 0;
		};
/* End PBXResourcesBuildPhase section */

/* Begin PBXSourcesBuildPhase section */
		07D9B06218A8545E0055C89F /* Sources */ = {
			isa = PBXSourcesBuildPhase;
			buildActionMask = 2147483647;
			files = (
				076AB5BF18A9C2450019B13B /* MJRefreshFooterView.m in Sources */,
				072D338A18A8B97800E19A99 /* GGMainTabBarController.m in Sources */,
				076AB5CC18A9C6490019B13B /* ChatViewController.m in Sources */,
				072D338718A8B7EC00E19A99 /* GGTabBarButton.m in Sources */,
				076AB5C618A9C6200019B13B /* CategoryViewController.m in Sources */,
				076AB5C918A9C6370019B13B /* CartViewController.m in Sources */,
				076AB5C018A9C2450019B13B /* MJRefreshHeaderView.m in Sources */,
				076AB5C318A9C60C0019B13B /* MainViewController.m in Sources */,
				07D9B07A18A8545E0055C89F /* GGAppDelegate.m in Sources */,
				076AB5DD18AA051E0019B13B /* GGBaseTableCell.m in Sources */,
				076AB5E018AA0BB60019B13B /* GGTopPicture.m in Sources */,
				076AB5BE18A9C2450019B13B /* MJRefreshBaseView.m in Sources */,
				07D9B07618A8545E0055C89F /* main.m in Sources */,
				076AB5CF18A9C65D0019B13B /* PersonViewController.m in Sources */,
			);
			runOnlyForDeploymentPostprocessing = 0;
		};
		07D9B08618A8545E0055C89F /* Sources */ = {
			isa = PBXSourcesBuildPhase;
			buildActionMask = 2147483647;
			files = (
				07D9B09818A8545E0055C89F /* zjggwTests.m in Sources */,
			);
			runOnlyForDeploymentPostprocessing = 0;
		};
/* End PBXSourcesBuildPhase section */

/* Begin PBXTargetDependency section */
		07D9B09018A8545E0055C89F /* PBXTargetDependency */ = {
			isa = PBXTargetDependency;
			target = 07D9B06518A8545E0055C89F /* zjggw */;
			targetProxy = 07D9B08F18A8545E0055C89F /* PBXContainerItemProxy */;
		};
/* End PBXTargetDependency section */

/* Begin PBXVariantGroup section */
		07D9B07218A8545E0055C89F /* InfoPlist.strings */ = {
			isa = PBXVariantGroup;
			children = (
				07D9B07318A8545E0055C89F /* en */,
			);
			name = InfoPlist.strings;
			sourceTree = "<group>";
		};
		07D9B07B18A8545E0055C89F /* Main.storyboard */ = {
			isa = PBXVariantGroup;
			children = (
				07D9B07C18A8545E0055C89F /* Base */,
			);
			name = Main.storyboard;
			sourceTree = "<group>";
		};
		07D9B09418A8545E0055C89F /* InfoPlist.strings */ = {
			isa = PBXVariantGroup;
			children = (
				07D9B09518A8545E0055C89F /* en */,
			);
			name = InfoPlist.strings;
			sourceTree = "<group>";
		};
/* End PBXVariantGroup section */

/* Begin XCBuildConfiguration section */
		07D9B09918A8545E0055C89F /* Debug */ = {
			isa = XCBuildConfiguration;
			buildSettings = {
				ALWAYS_SEARCH_USER_PATHS = NO;
				ARCHS = "$(ARCHS_STANDARD_INCLUDING_64_BIT)";
				CLANG_CXX_LANGUAGE_STANDARD = "gnu++0x";
				CLANG_CXX_LIBRARY = "libc++";
				CLANG_ENABLE_MODULES = YES;
				CLANG_ENABLE_OBJC_ARC = YES;
				CLANG_WARN_BOOL_CONVERSION = YES;
				CLANG_WARN_CONSTANT_CONVERSION = YES;
				CLANG_WARN_DIRECT_OBJC_ISA_USAGE = YES_ERROR;
				CLANG_WARN_EMPTY_BODY = YES;
				CLANG_WARN_ENUM_CONVERSION = YES;
				CLANG_WARN_INT_CONVERSION = YES;
				CLANG_WARN_OBJC_ROOT_CLASS = YES_ERROR;
				CLANG_WARN__DUPLICATE_METHOD_MATCH = YES;
				"CODE_SIGN_IDENTITY[sdk=iphoneos*]" = "iPhone Developer";
				COPY_PHASE_STRIP = NO;
				GCC_C_LANGUAGE_STANDARD = gnu99;
				GCC_DYNAMIC_NO_PIC = NO;
				GCC_OPTIMIZATION_LEVEL = 0;
				GCC_PREPROCESSOR_DEFINITIONS = (
					"DEBUG=1",
					"$(inherited)",
				);
				GCC_SYMBOLS_PRIVATE_EXTERN = NO;
				GCC_WARN_64_TO_32_BIT_CONVERSION = YES;
				GCC_WARN_ABOUT_RETURN_TYPE = YES_ERROR;
				GCC_WARN_UNDECLARED_SELECTOR = YES;
				GCC_WARN_UNINITIALIZED_AUTOS = YES;
				GCC_WARN_UNUSED_FUNCTION = YES;
				GCC_WARN_UNUSED_VARIABLE = YES;
				IPHONEOS_DEPLOYMENT_TARGET = 7.0;
				ONLY_ACTIVE_ARCH = YES;
				SDKROOT = iphoneos;
			};
			name = Debug;
		};
		07D9B09A18A8545E0055C89F /* Release */ = {
			isa = XCBuildConfiguration;
			buildSettings = {
				ALWAYS_SEARCH_USER_PATHS = NO;
				ARCHS = "$(ARCHS_STANDARD_INCLUDING_64_BIT)";
				CLANG_CXX_LANGUAGE_STANDARD = "gnu++0x";
				CLANG_CXX_LIBRARY = "libc++";
				CLANG_ENABLE_MODULES = YES;
				CLANG_ENABLE_OBJC_ARC = YES;
				CLANG_WARN_BOOL_CONVERSION = YES;
				CLANG_WARN_CONSTANT_CONVERSION = YES;
				CLANG_WARN_DIRECT_OBJC_ISA_USAGE = YES_ERROR;
				CLANG_WARN_EMPTY_BODY = YES;
				CLANG_WARN_ENUM_CONVERSION = YES;
				CLANG_WARN_INT_CONVERSION = YES;
				CLANG_WARN_OBJC_ROOT_CLASS = YES_ERROR;
				CLANG_WARN__DUPLICATE_METHOD_MATCH = YES;
				"CODE_SIGN_IDENTITY[sdk=iphoneos*]" = "iPhone Developer";
				COPY_PHASE_STRIP = YES;
				ENABLE_NS_ASSERTIONS = NO;
				GCC_C_LANGUAGE_STANDARD = gnu99;
				GCC_WARN_64_TO_32_BIT_CONVERSION = YES;
				GCC_WARN_ABOUT_RETURN_TYPE = YES_ERROR;
				GCC_WARN_UNDECLARED_SELECTOR = YES;
				GCC_WARN_UNINITIALIZED_AUTOS = YES;
				GCC_WARN_UNUSED_FUNCTION = YES;
				GCC_WARN_UNUSED_VARIABLE = YES;
				IPHONEOS_DEPLOYMENT_TARGET = 7.0;
				SDKROOT = iphoneos;
				VALIDATE_PRODUCT = YES;
			};
			name = Release;
		};
		07D9B09C18A8545E0055C89F /* Debug */ = {
			isa = XCBuildConfiguration;
			buildSettings = {
				ASSETCATALOG_COMPILER_APPICON_NAME = AppIcon;
				ASSETCATALOG_COMPILER_LAUNCHIMAGE_NAME = LaunchImage;
				GCC_PRECOMPILE_PREFIX_HEADER = YES;
				GCC_PREFIX_HEADER = "zjggw/zjggw-Prefix.pch";
				INFOPLIST_FILE = "zjggw/zjggw-Info.plist";
				PRODUCT_NAME = "$(TARGET_NAME)";
				WRAPPER_EXTENSION = app;
			};
			name = Debug;
		};
		07D9B09D18A8545E0055C89F /* Release */ = {
			isa = XCBuildConfiguration;
			buildSettings = {
				ASSETCATALOG_COMPILER_APPICON_NAME = AppIcon;
				ASSETCATALOG_COMPILER_LAUNCHIMAGE_NAME = LaunchImage;
				GCC_PRECOMPILE_PREFIX_HEADER = YES;
				GCC_PREFIX_HEADER = "zjggw/zjggw-Prefix.pch";
				INFOPLIST_FILE = "zjggw/zjggw-Info.plist";
				PRODUCT_NAME = "$(TARGET_NAME)";
				WRAPPER_EXTENSION = app;
			};
			name = Release;
		};
		07D9B09F18A8545E0055C89F /* Debug */ = {
			isa = XCBuildConfiguration;
			buildSettings = {
				ARCHS = "$(ARCHS_STANDARD_INCLUDING_64_BIT)";
				BUNDLE_LOADER = "$(BUILT_PRODUCTS_DIR)/zjggw.app/zjggw";
				FRAMEWORK_SEARCH_PATHS = (
					"$(SDKROOT)/Developer/Library/Frameworks",
					"$(inherited)",
					"$(DEVELOPER_FRAMEWORKS_DIR)",
				);
				GCC_PRECOMPILE_PREFIX_HEADER = YES;
				GCC_PREFIX_HEADER = "zjggw/zjggw-Prefix.pch";
				GCC_PREPROCESSOR_DEFINITIONS = (
					"DEBUG=1",
					"$(inherited)",
				);
				INFOPLIST_FILE = "zjggwTests/zjggwTests-Info.plist";
				PRODUCT_NAME = "$(TARGET_NAME)";
				TEST_HOST = "$(BUNDLE_LOADER)";
				WRAPPER_EXTENSION = xctest;
			};
			name = Debug;
		};
		07D9B0A018A8545E0055C89F /* Release */ = {
			isa = XCBuildConfiguration;
			buildSettings = {
				ARCHS = "$(ARCHS_STANDARD_INCLUDING_64_BIT)";
				BUNDLE_LOADER = "$(BUILT_PRODUCTS_DIR)/zjggw.app/zjggw";
				FRAMEWORK_SEARCH_PATHS = (
					"$(SDKROOT)/Developer/Library/Frameworks",
					"$(inherited)",
					"$(DEVELOPER_FRAMEWORKS_DIR)",
				);
				GCC_PRECOMPILE_PREFIX_HEADER = YES;
				GCC_PREFIX_HEADER = "zjggw/zjggw-Prefix.pch";
				INFOPLIST_FILE = "zjggwTests/zjggwTests-Info.plist";
				PRODUCT_NAME = "$(TARGET_NAME)";
				TEST_HOST = "$(BUNDLE_LOADER)";
				WRAPPER_EXTENSION = xctest;
			};
			name = Release;
		};
/* End XCBuildConfiguration section */

/* Begin XCConfigurationList section */
		07D9B06118A8545E0055C89F /* Build configuration list for PBXProject "zjggw" */ = {
			isa = XCConfigurationList;
			buildConfigurations = (
				07D9B09918A8545E0055C89F /* Debug */,
				07D9B09A18A8545E0055C89F /* Release */,
			);
			defaultConfigurationIsVisible = 0;
			defaultConfigurationName = Release;
		};
		07D9B09B18A8545E0055C89F /* Build configuration list for PBXNativeTarget "zjggw" */ = {
			isa = XCConfigurationList;
			buildConfigurations = (
				07D9B09C18A8545E0055C89F /* Debug */,
				07D9B09D18A8545E0055C89F /* Release */,
			);
			defaultConfigurationIsVisible = 0;
			defaultConfigurationName = Release;
		};
		07D9B09E18A8545E0055C89F /* Build configuration list for PBXNativeTarget "zjggwTests" */ = {
			isa = XCConfigurationList;
			buildConfigurations = (
				07D9B09F18A8545E0055C89F /* Debug */,
				07D9B0A018A8545E0055C89F /* Release */,
			);
			defaultConfigurationIsVisible = 0;
			defaultConfigurationName = Release;
		};
/* End XCConfigurationList section */
	};
	rootObject = 07D9B05E18A8545E0055C89F /* Project object */;
}
